# This file was autogenerated by uv via the following command:
#    uv pip compile requirements.in -o requirements.lock
absl-py==1.4.0
    # via
    #   rasa
    #   tensorboard
    #   tensorflow
aio-pika==8.2.3
    # via rasa
aiofiles==24.1.0
    # via sanic
aiogram==2.15
    # via rasa
aiohttp==3.9.5
    # via
    #   -r requirements.in
    #   aiogram
    #   aiohttp-retry
    #   gcp
    #   rasa
    #   twilio
aiohttp-retry==2.8.3
    # via twilio
aiormq==6.4.2
    # via aio-pika
aiosignal==1.3.1
    # via aiohttp
apscheduler==3.9.1.post1
    # via rasa
astunparse==1.6.3
    # via tensorflow
async-timeout==4.0.3
    # via
    #   aiohttp
    #   redis
attrs==22.1.0
    # via
    #   aiohttp
    #   jsonschema
    #   rasa
babel==2.15.0
    # via aiogram
beartype==0.18.5
    # via
    #   plum-dispatch
    #   pyserde
beautifulsoup4==4.12.3
    # via
    #   -r requirements.in
    #   bs4
bidict==0.23.1
    # via python-socketio
blis==0.7.11
    # via thinc
boto3==1.34.140
    # via rasa
botocore==1.34.140
    # via
    #   boto3
    #   s3transfer
bs4==0.0.2
    # via fake-headers
cachecontrol==0.12.14
    # via rasa
cachetools==5.3.3
    # via google-auth
casefy==0.1.7
    # via
    #   gcp
    #   pyserde
catalogue==2.0.10
    # via
    #   spacy
    #   srsly
    #   thinc
certifi==2024.7.4
    # via
    #   aiogram
    #   rasa
    #   requests
    #   sentry-sdk
cffi==1.16.0
    # via
    #   cryptography
    #   timezonefinder
charset-normalizer==3.3.2
    # via requests
click==8.1.7
    # via
    #   dask
    #   typer
cloudpathlib==0.16.0
    # via weasel
cloudpickle==2.2.1
    # via
    #   dask
    #   rasa
colorclass==2.2.2
    # via rasa
coloredlogs==15.0.1
    # via
    #   rasa
    #   rasa-sdk
colorhash==1.2.1
    # via rasa
confection==0.1.5
    # via
    #   thinc
    #   weasel
confluent-kafka==2.4.0
    # via rasa
cryptography==42.0.8
    # via
    #   pyjwt
    #   rasa
curated-tokenizers==0.0.9
    # via spacy-curated-transformers
curated-transformers==0.1.1
    # via spacy-curated-transformers
cycler==0.12.1
    # via matplotlib
cymem==2.0.8
    # via
    #   preshed
    #   spacy
    #   thinc
dask==2022.10.2
    # via rasa
dnspython==2.3.0
    # via
    #   pymongo
    #   rasa
docopt==0.6.2
    # via pykwalify
en-core-web-trf @ https://github.com/explosion/spacy-models/releases/download/en_core_web_trf-3.7.3/en_core_web_trf-3.7.3-py3-none-any.whl
    # via -r requirements.in
fake-headers==1.0.2
    # via -r requirements.in
fbmessenger==6.0.0
    # via rasa
filelock==3.15.4
    # via
    #   huggingface-hub
    #   torch
    #   transformers
    #   triton
fire==0.6.0
    # via randomname
flatbuffers==24.3.25
    # via tensorflow
fonttools==4.53.1
    # via matplotlib
frozenlist==1.4.1
    # via
    #   aiohttp
    #   aiosignal
fsspec==2024.6.1
    # via
    #   dask
    #   huggingface-hub
    #   torch
future==1.0.0
    # via webexteamssdk
gast==0.4.0
    # via tensorflow
gcp @ git+https://github.com/FrancescoGentile/google-cloud-platform@3502bf0456da604c3c6980b713b214b2a46906f7
    # via -r requirements.in
geographiclib==2.0
    # via geopy
geopy==2.4.1
    # via -r requirements.in
google-auth==2.31.0
    # via
    #   google-auth-oauthlib
    #   rasa
    #   tensorboard
google-auth-oauthlib==1.0.0
    # via tensorboard
google-pasta==0.2.0
    # via tensorflow
greenlet==3.0.3
    # via sqlalchemy
grpcio==1.64.1
    # via
    #   tensorboard
    #   tensorflow
h11==0.14.0
    # via wsproto
h3==3.7.7
    # via timezonefinder
h5py==3.11.0
    # via tensorflow
html5lib==1.1
    # via fake-headers
httptools==0.6.1
    # via sanic
huggingface-hub==0.23.4
    # via
    #   sentence-transformers
    #   tokenizers
    #   transformers
humanfriendly==10.0
    # via coloredlogs
idna==3.7
    # via
    #   requests
    #   yarl
inflect==7.3.1
    # via -r requirements.in
jax==0.4.30
    # via tensorflow
jaxlib==0.4.30
    # via jax
jinja2==3.1.4
    # via
    #   pyserde
    #   spacy
    #   torch
jmespath==1.0.1
    # via
    #   boto3
    #   botocore
joblib==1.2.0
    # via
    #   rasa
    #   scikit-learn
jsonpickle==3.0.4
    # via rasa
jsonschema==4.17.3
    # via rasa
keras==2.12.0
    # via tensorflow
kiwisolver==1.4.5
    # via matplotlib
langcodes==3.4.0
    # via spacy
language-data==1.2.0
    # via langcodes
libclang==18.1.1
    # via tensorflow
locket==1.0.0
    # via partd
marisa-trie==1.2.0
    # via language-data
markdown==3.6
    # via tensorboard
markupsafe==2.1.5
    # via
    #   jinja2
    #   werkzeug
matplotlib==3.5.3
    # via rasa
mattermostwrapper==2.2
    # via rasa
ml-dtypes==0.4.0
    # via
    #   jax
    #   jaxlib
more-itertools==10.3.0
    # via inflect
mpmath==1.3.0
    # via sympy
msgpack==1.0.8
    # via cachecontrol
multidict==5.2.0
    # via
    #   aiohttp
    #   sanic
    #   yarl
murmurhash==1.0.10
    # via
    #   preshed
    #   spacy
    #   thinc
mypy-extensions==1.0.0
    # via typing-inspect
networkx==2.6.3
    # via
    #   rasa
    #   torch
numpy==1.23.5
    # via
    #   blis
    #   h5py
    #   jax
    #   jaxlib
    #   matplotlib
    #   ml-dtypes
    #   opt-einsum
    #   rasa
    #   scikit-learn
    #   scipy
    #   sentence-transformers
    #   spacy
    #   tensorboard
    #   tensorflow
    #   tensorflow-hub
    #   thinc
    #   timezonefinder
    #   transformers
nvidia-cublas-cu12==12.1.3.1
    # via
    #   nvidia-cudnn-cu12
    #   nvidia-cusolver-cu12
    #   torch
nvidia-cuda-cupti-cu12==12.1.105
    # via torch
nvidia-cuda-nvrtc-cu12==12.1.105
    # via torch
nvidia-cuda-runtime-cu12==12.1.105
    # via torch
nvidia-cudnn-cu12==8.9.2.26
    # via torch
nvidia-cufft-cu12==11.0.2.54
    # via torch
nvidia-curand-cu12==10.3.2.106
    # via torch
nvidia-cusolver-cu12==11.4.5.107
    # via torch
nvidia-cusparse-cu12==12.1.0.106
    # via
    #   nvidia-cusolver-cu12
    #   torch
nvidia-nccl-cu12==2.20.5
    # via torch
nvidia-nvjitlink-cu12==12.5.82
    # via
    #   nvidia-cusolver-cu12
    #   nvidia-cusparse-cu12
nvidia-nvtx-cu12==12.1.105
    # via torch
oauthlib==3.2.2
    # via requests-oauthlib
opt-einsum==3.3.0
    # via
    #   jax
    #   tensorflow
packaging==20.9
    # via
    #   dask
    #   huggingface-hub
    #   matplotlib
    #   rasa
    #   rocketchat-api
    #   spacy
    #   tensorflow
    #   thinc
    #   transformers
    #   weasel
pamqp==3.2.1
    # via aiormq
partd==1.4.2
    # via dask
pillow==10.4.0
    # via
    #   matplotlib
    #   sentence-transformers
pluggy==1.5.0
    # via
    #   rasa
    #   rasa-sdk
plum-dispatch==2.2.2
    # via pyserde
portalocker==2.10.0
    # via rasa
preshed==3.0.9
    # via
    #   spacy
    #   thinc
prompt-toolkit==3.0.28
    # via
    #   questionary
    #   rasa
    #   rasa-sdk
protobuf==4.23.3
    # via
    #   rasa
    #   tensorboard
    #   tensorflow
    #   tensorflow-hub
psycopg2-binary==2.9.9
    # via rasa
pyasn1==0.6.0
    # via
    #   pyasn1-modules
    #   rsa
pyasn1-modules==0.4.0
    # via google-auth
pycparser==2.22
    # via cffi
pydantic==1.10.9
    # via
    #   confection
    #   rasa
    #   spacy
    #   thinc
    #   weasel
pydot==1.4.2
    # via rasa
pyjwt==2.8.0
    # via
    #   rasa
    #   sanic-jwt
    #   twilio
    #   webexteamssdk
pykwalify==1.8.0
    # via rasa
pymongo==4.3.3
    # via rasa
pyparsing==3.1.2
    # via
    #   matplotlib
    #   packaging
    #   pydot
pyrsistent==0.20.0
    # via jsonschema
pyserde==0.19.3
    # via -r requirements.in
python-crfsuite==0.9.10
    # via sklearn-crfsuite
python-dateutil==2.8.2
    # via
    #   botocore
    #   gcp
    #   matplotlib
    #   pykwalify
    #   rasa
python-engineio==4.9.1
    # via
    #   python-socketio
    #   rasa
python-socketio==5.11.3
    # via rasa
pytz==2022.7.1
    # via
    #   apscheduler
    #   rasa
    #   twilio
pyyaml==6.0.1
    # via
    #   dask
    #   huggingface-hub
    #   rasa
    #   transformers
questionary==1.10.0
    # via rasa
randomname==0.1.5
    # via rasa
rapidfuzz==3.9.4
    # via -r requirements.in
rasa==3.6.20
    # via -r requirements.in
rasa-sdk==3.6.2
    # via rasa
redis==4.6.0
    # via rasa
regex==2022.10.31
    # via
    #   curated-tokenizers
    #   rasa
    #   transformers
requests==2.32.3
    # via
    #   cachecontrol
    #   fbmessenger
    #   huggingface-hub
    #   mattermostwrapper
    #   rasa
    #   requests-oauthlib
    #   requests-toolbelt
    #   rocketchat-api
    #   spacy
    #   tensorboard
    #   transformers
    #   twilio
    #   weasel
    #   webexteamssdk
requests-oauthlib==2.0.0
    # via google-auth-oauthlib
requests-toolbelt==1.0.0
    # via webexteamssdk
rocketchat-api==1.30.0
    # via rasa
rsa==4.9
    # via google-auth
ruamel-yaml==0.17.21
    # via
    #   pykwalify
    #   rasa
    #   rasa-sdk
ruamel-yaml-clib==0.2.8
    # via ruamel-yaml
s3transfer==0.10.2
    # via boto3
safetensors==0.4.3
    # via transformers
sanic==21.12.2
    # via
    #   rasa
    #   rasa-sdk
    #   sanic-cors
sanic-cors==2.0.1
    # via
    #   rasa
    #   rasa-sdk
sanic-jwt==1.8.0
    # via rasa
sanic-routing==0.7.2
    # via
    #   rasa
    #   sanic
scikit-learn==1.1.3
    # via
    #   rasa
    #   sentence-transformers
scipy==1.10.1
    # via
    #   jax
    #   jaxlib
    #   rasa
    #   scikit-learn
    #   sentence-transformers
sentence-transformers==3.0.1
    # via -r requirements.in
sentry-sdk==1.14.0
    # via
    #   rasa
    #   structlog-sentry
setuptools==70.2.0
    # via
    #   apscheduler
    #   marisa-trie
    #   rasa
    #   rasa-sdk
    #   spacy
    #   tensorboard
    #   tensorflow
    #   thinc
    #   timezonefinder
simple-websocket==1.0.0
    # via python-engineio
six==1.16.0
    # via
    #   apscheduler
    #   astunparse
    #   fire
    #   google-pasta
    #   html5lib
    #   python-dateutil
    #   sklearn-crfsuite
    #   tensorflow
sklearn-crfsuite==0.3.6
    # via rasa
slack-sdk==3.31.0
    # via rasa
smart-open==6.4.0
    # via weasel
soupsieve==2.5
    # via beautifulsoup4
spacy==3.7.5
    # via
    #   -r requirements.in
    #   en-core-web-trf
    #   spacy-curated-transformers
spacy-curated-transformers==0.2.2
    # via en-core-web-trf
spacy-legacy==3.0.12
    # via spacy
spacy-loggers==1.0.5
    # via spacy
sqlalchemy==1.4.52
    # via rasa
srsly==2.4.8
    # via
    #   confection
    #   spacy
    #   thinc
    #   weasel
structlog==23.3.0
    # via
    #   rasa
    #   structlog-sentry
structlog-sentry==2.1.0
    # via rasa
sympy==1.13.0
    # via torch
tabulate==0.9.0
    # via sklearn-crfsuite
tarsafe==0.0.4
    # via rasa
tensorboard==2.12.3
    # via tensorflow
tensorboard-data-server==0.7.2
    # via tensorboard
tensorflow==2.12.0
    # via
    #   rasa
    #   tensorflow-text
tensorflow-estimator==2.12.0
    # via tensorflow
tensorflow-hub==0.13.0
    # via
    #   rasa
    #   tensorflow-text
tensorflow-io-gcs-filesystem==0.32.0
    # via
    #   rasa
    #   tensorflow
tensorflow-text==2.12.0
    # via rasa
termcolor==2.4.0
    # via
    #   fire
    #   tensorflow
terminaltables==3.1.10
    # via rasa
thinc==8.2.5
    # via spacy
threadpoolctl==3.5.0
    # via scikit-learn
timezonefinder==6.5.2
    # via -r requirements.in
tokenizers==0.19.1
    # via transformers
toolz==0.12.1
    # via
    #   dask
    #   partd
torch==2.3.1
    # via
    #   curated-transformers
    #   sentence-transformers
    #   spacy-curated-transformers
tqdm==4.66.4
    # via
    #   huggingface-hub
    #   rasa
    #   sentence-transformers
    #   sklearn-crfsuite
    #   spacy
    #   transformers
transformers==4.42.4
    # via sentence-transformers
triton==2.3.1
    # via torch
twilio==8.2.2
    # via rasa
typeguard==4.3.0
    # via inflect
typer==0.9.4
    # via
    #   spacy
    #   weasel
typing-extensions==4.12.2
    # via
    #   cloudpathlib
    #   gcp
    #   huggingface-hub
    #   plum-dispatch
    #   pydantic
    #   pyserde
    #   rasa
    #   rasa-sdk
    #   tensorflow
    #   torch
    #   typeguard
    #   typer
    #   typing-inspect
typing-inspect==0.9.0
    # via pyserde
typing-utils==0.1.0
    # via rasa
tzlocal==5.2
    # via apscheduler
ujson==5.10.0
    # via
    #   rasa
    #   sanic
urllib3==2.2.2
    # via
    #   botocore
    #   requests
    #   sentry-sdk
uvloop==0.19.0
    # via sanic
wasabi==1.1.3
    # via
    #   spacy
    #   thinc
    #   weasel
wcwidth==0.2.13
    # via prompt-toolkit
weasel==0.3.4
    # via spacy
webencodings==0.5.1
    # via html5lib
webexteamssdk==1.6.1
    # via rasa
websockets==10.4
    # via
    #   rasa
    #   rasa-sdk
    #   sanic
werkzeug==3.0.3
    # via tensorboard
wheel==0.43.0
    # via
    #   astunparse
    #   rasa
    #   rasa-sdk
    #   tensorboard
wrapt==1.14.1
    # via tensorflow
wsproto==1.2.0
    # via simple-websocket
yarl==1.9.4
    # via
    #   aio-pika
    #   aiohttp
    #   aiormq
